<?xml version="1.0" encoding="utf-8"?>
<Project ToolsVersion="4.0" xmlns="http://schemas.microsoft.com/developer/msbuild/2003">
  <ItemGroup>
    <Filter Include="enemy_scanner">
      <UniqueIdentifier>{85669d51-d56a-4953-a47a-8b3271a8dc17}</UniqueIdentifier>
    </Filter>
    <Filter Include="utilities">
      <UniqueIdentifier>{c7272608-f087-4dc4-9602-d39293b1c927}</UniqueIdentifier>
    </Filter>
    <Filter Include="capture_screen">
      <UniqueIdentifier>{dfab82e7-cd3f-4f17-8d7e-5715b8d70301}</UniqueIdentifier>
    </Filter>
  </ItemGroup>
  <ItemGroup>
    <ClCompile Include="enemy_scanner\enemy_scanner.cpp">
      <Filter>enemy_scanner</Filter>
    </ClCompile>
    <ClCompile Include="utilities\utilities.cpp">
      <Filter>utilities</Filter>
    </ClCompile>
    <ClCompile Include="main.cpp" />
    <ClCompile Include="gui.cpp" />
    <ClCompile Include="keyAuth.cpp" />
    <ClCompile Include="capturescreen.cpp">
      <Filter>capture_screen</Filter>
    </ClCompile>
  </ItemGroup>
  <ItemGroup>
    <ClInclude Include="capture_screen\definitions.hpp">
      <Filter>capture_screen</Filter>
    </ClInclude>
    <ClInclude Include="enemy_scanner\enemy_scanner.hpp">
      <Filter>enemy_scanner</Filter>
    </ClInclude>
    <ClInclude Include="utilities\config.hpp">
      <Filter>utilities</Filter>
    </ClInclude>
    <ClInclude Include="utilities\utilities.hpp">
      <Filter>utilities</Filter>
    </ClInclude>
    <ClInclude Include="utilities\skcrypt.hpp">
      <Filter>utilities</Filter>
    </ClInclude>
    <ClInclude Include="gui.hpp" />
    <ClInclude Include="capturescreen.hpp">
      <Filter>capture_screen</Filter>
    </ClInclude>
    <ClInclude Include="keyAuth.hpp" />
    <ClInclude Include="skStr.h" />
    <ClInclude Include="json.hpp" />
    <ClInclude Include="auth.hpp" />
    <ClInclude Include="interception.h" />
  </ItemGroup>
  <ItemGroup>
    <None Include="cpp.hint" />
    <None Include="interception.dll" />
  </ItemGroup>
  <ItemGroup>
    <Library Include="library_x64.lib" />
    <Library Include="libcurl.lib" />
    <Library Include="interception.lib" />
  </ItemGroup>
</Project>